
Microsoft Visual Studio Solution File, Format Version 12.00
# Visual Studio Version 17
VisualStudioVersion = 17.13.35931.197
MinimumVisualStudioVersion = 10.0.40219.1
Project("{FAE04EC0-301F-11D3-BF4B-00C04F79EFBC}") = "DiscGolfBlazorUi", "DiscGolfBlazorUi\DiscGolfBlazorUi.csproj", "{6B05F1B1-8406-4A13-8066-2487F53C2A34}"
EndProject
Global
	GlobalSection(SolutionConfigurationPlatforms) = preSolution
		Debug|Any CPU = Debug|Any CPU
		Release|Any CPU = Release|Any CPU
	EndGlobalSection
	GlobalSection(ProjectConfigurationPlatforms) = postSolution
		{6B05F1B1-8406-4A13-8066-2487F53C2A34}.Debug|Any CPU.ActiveCfg = Debug|Any CPU
		{6B05F1B1-8406-4A13-8066-2487F53C2A34}.Debug|Any CPU.Build.0 = Debug|Any CPU
		{6B05F1B1-8406-4A13-8066-2487F53C2A34}.Release|Any CPU.ActiveCfg = Release|Any CPU
		{6B05F1B1-8406-4A13-8066-2487F53C2A34}.Release|Any CPU.Build.0 = Release|Any CPU
	EndGlobalSection
	GlobalSection(SolutionProperties) = preSolution
		HideSolutionNode = FALSE
	EndGlobalSection
	GlobalSection(ExtensibilityGlobals) = postSolution
		SolutionGuid = {BB1A4E5E-EC3C-4445-8600-E32D57B3EE53}
	EndGlobalSection
EndGlobal
